
Microsoft Visual Studio Solution File, Format Version 12.00
# Visual Studio Version 16
VisualStudioVersion = 16.0.31105.61
MinimumVisualStudioVersion = 10.0.40219.1
Project("{9A19103F-16F7-4668-BE54-9A1E7A4F7556}") = "XIHServer", "XIHServer\XIHServer.csproj", "{660CF962-4695-47FA-A45F-848B94277810}"
EndProject
Project("{9A19103F-16F7-4668-BE54-9A1E7A4F7556}") = "XIHEmptyWeb", "Tools\XIHEmptyWeb\XIHEmptyWeb.csproj", "{D3382061-930F-4E00-91B6-4FA911ACC7B6}"
EndProject
Global
	GlobalSection(SolutionConfigurationPlatforms) = preSolution
		Debug|Any CPU = Debug|Any CPU
		Release|Any CPU = Release|Any CPU
	EndGlobalSection
	GlobalSection(ProjectConfigurationPlatforms) = postSolution
		{660CF962-4695-47FA-A45F-848B94277810}.Debug|Any CPU.ActiveCfg = Debug|Any CPU
		{660CF962-4695-47FA-A45F-848B94277810}.Debug|Any CPU.Build.0 = Debug|Any CPU
		{660CF962-4695-47FA-A45F-848B94277810}.Release|Any CPU.ActiveCfg = Release|Any CPU
		{660CF962-4695-47FA-A45F-848B94277810}.Release|Any CPU.Build.0 = Release|Any CPU
		{D3382061-930F-4E00-91B6-4FA911ACC7B6}.Debug|Any CPU.ActiveCfg = Debug|Any CPU
		{D3382061-930F-4E00-91B6-4FA911ACC7B6}.Debug|Any CPU.Build.0 = Debug|Any CPU
		{D3382061-930F-4E00-91B6-4FA911ACC7B6}.Release|Any CPU.ActiveCfg = Release|Any CPU
		{D3382061-930F-4E00-91B6-4FA911ACC7B6}.Release|Any CPU.Build.0 = Release|Any CPU
	EndGlobalSection
	GlobalSection(SolutionProperties) = preSolution
		HideSolutionNode = FALSE
	EndGlobalSection
	GlobalSection(ExtensibilityGlobals) = postSolution
		SolutionGuid = {53B10B73-6138-467E-9F49-050DB124B949}
	EndGlobalSection
EndGlobal
